
Microsoft Visual Studio Solution File, Format Version 12.00
# Visual Studio Version 16
VisualStudioVersion = 16.0.31702.278
MinimumVisualStudioVersion = 10.0.40219.1
Project("{FAE04EC0-301F-11D3-BF4B-00C04F79EFBC}") = "Prog_tech_beadando", "Prog_tech_beadando\Prog_tech_beadando.csproj", "{8CB07E06-5B8F-4AEE-AFE2-191020F881A5}"
EndProject
Global
	GlobalSection(SolutionConfigurationPlatforms) = preSolution
		Debug|Any CPU = Debug|Any CPU
		Release|Any CPU = Release|Any CPU
	EndGlobalSection
	GlobalSection(ProjectConfigurationPlatforms) = postSolution
		{8CB07E06-5B8F-4AEE-AFE2-191020F881A5}.Debug|Any CPU.ActiveCfg = Debug|Any CPU
		{8CB07E06-5B8F-4AEE-AFE2-191020F881A5}.Debug|Any CPU.Build.0 = Debug|Any CPU
		{8CB07E06-5B8F-4AEE-AFE2-191020F881A5}.Release|Any CPU.ActiveCfg = Release|Any CPU
		{8CB07E06-5B8F-4AEE-AFE2-191020F881A5}.Release|Any CPU.Build.0 = Release|Any CPU
	EndGlobalSection
	GlobalSection(SolutionProperties) = preSolution
		HideSolutionNode = FALSE
	EndGlobalSection
	GlobalSection(ExtensibilityGlobals) = postSolution
		SolutionGuid = {ACD67472-9711-44CE-9626-F3079D2FE903}
	EndGlobalSection
EndGlobal
